
Microsoft Visual Studio Solution File, Format Version 12.00
# Visual Studio 15
VisualStudioVersion = 15.0.26730.12
MinimumVisualStudioVersion = 10.0.40219.1
Project("{FAE04EC0-301F-11D3-BF4B-00C04F79EFBC}") = "livechartstest", "livechartstest\livechartstest.csproj", "{CAB5ECA5-004B-494F-972C-282CDBC7F5B7}"
EndProject
Global
	GlobalSection(SolutionConfigurationPlatforms) = preSolution
		Debug|Any CPU = Debug|Any CPU
		Release|Any CPU = Release|Any CPU
	EndGlobalSection
	GlobalSection(ProjectConfigurationPlatforms) = postSolution
		{CAB5ECA5-004B-494F-972C-282CDBC7F5B7}.Debug|Any CPU.ActiveCfg = Debug|Any CPU
		{CAB5ECA5-004B-494F-972C-282CDBC7F5B7}.Debug|Any CPU.Build.0 = Debug|Any CPU
		{CAB5ECA5-004B-494F-972C-282CDBC7F5B7}.Release|Any CPU.ActiveCfg = Release|Any CPU
		{CAB5ECA5-004B-494F-972C-282CDBC7F5B7}.Release|Any CPU.Build.0 = Release|Any CPU
	EndGlobalSection
	GlobalSection(SolutionProperties) = preSolution
		HideSolutionNode = FALSE
	EndGlobalSection
	GlobalSection(ExtensibilityGlobals) = postSolution
		SolutionGuid = {AC2A21DC-B65E-4C0E-964B-40732897FB52}
	EndGlobalSection
EndGlobal
